{
    "_readme": [
        "This file locks the dependencies of your project to a known state",
        "Read more about it at https://getcomposer.org/doc/01-basic-usage.md#composer-lock-the-lock-file",
        "This file is @generated automatically"
    ],
    "hash": "5a9ce4f340e567250eb1c5f5c14884a5",
    "content-hash": "9e0f3bdfe00fa50e6d0c6bf662940860",
    "packages": [
        {
            "name": "catfan/medoo",
            "version": "v0.9.8",
            "source": {
                "type": "git",
                "url": "https://github.com/catfan/Medoo.git",
                "reference": "920ae293ee87286f955a5265124509695e172434"
            },
            "dist": {
                "type": "zip",
                "url": "https://api.github.com/repos/catfan/Medoo/zipball/920ae293ee87286f955a5265124509695e172434",
                "reference": "920ae293ee87286f955a5265124509695e172434",
                "shasum": ""
            },
            "require": {
                "ext-pdo": "*",
                "php": ">=5.1"
            },
            "suggest": {
                "ext-pdo-mysql": "For MySQL or MariaDB databases",
                "ext-pdo-pqsql": "For PostgreSQL databases",
                "ext-pdo-sqlite": "For SQLite databases",
                "ext-pdo_dblib": "For MSSQL or Sybase databases on Liunx/UNIX platform",
                "ext-pdo_oci": "For Oracle databases",
                "ext-pdo_sqlsrv": "For MSSQL databases on Windows platform"
            },
            "type": "framework",
            "autoload": {
                "files": [
                    "medoo.php"
                ]
            },
            "notification-url": "https://packagist.org/downloads/",
            "license": [
                "MIT"
            ],
            "authors": [
                {
                    "name": "Angel Lai",
                    "email": "angel.lai.cat@gmail.com"
                }
            ],
            "description": "The Lightest PHP database framework to accelerate development",
            "homepage": "http://medoo.in",
            "keywords": [
                "database",
                "lightweight",
                "mssql",
                "mysql",
                "php framework",
                "sql",
                "sqlite"
            ],
            "time": "2015-02-11 03:54:23"
        }
    ],
    "packages-dev": [],
    "aliases": [],
    "minimum-stability": "stable",
    "stability-flags": [],
    "prefer-stable": false,
    "prefer-lowest": false,
    "platform": [],
    "platform-dev": []
}
